
Microsoft Visual Studio Solution File, Format Version 12.00
# Visual Studio Version 17
VisualStudioVersion = 17.5.33530.505
MinimumVisualStudioVersion = 10.0.40219.1
Project("{8BC9CEB8-8B4A-11D0-8D11-00A0C91BC942}") = "tema.poo.tema", "tema.poo.tema\tema.poo.tema.vcxproj", "{8C1E57D8-5CDC-4A34-8E88-D7025D7CD5C5}"
EndProject
Global
	GlobalSection(SolutionConfigurationPlatforms) = preSolution
		Debug|x64 = Debug|x64
		Debug|x86 = Debug|x86
		Release|x64 = Release|x64
		Release|x86 = Release|x86
	EndGlobalSection
	GlobalSection(ProjectConfigurationPlatforms) = postSolution
		{8C1E57D8-5CDC-4A34-8E88-D7025D7CD5C5}.Debug|x64.ActiveCfg = Debug|x64
		{8C1E57D8-5CDC-4A34-8E88-D7025D7CD5C5}.Debug|x64.Build.0 = Debug|x64
		{8C1E57D8-5CDC-4A34-8E88-D7025D7CD5C5}.Debug|x86.ActiveCfg = Debug|Win32
		{8C1E57D8-5CDC-4A34-8E88-D7025D7CD5C5}.Debug|x86.Build.0 = Debug|Win32
		{8C1E57D8-5CDC-4A34-8E88-D7025D7CD5C5}.Release|x64.ActiveCfg = Release|x64
		{8C1E57D8-5CDC-4A34-8E88-D7025D7CD5C5}.Release|x64.Build.0 = Release|x64
		{8C1E57D8-5CDC-4A34-8E88-D7025D7CD5C5}.Release|x86.ActiveCfg = Release|Win32
		{8C1E57D8-5CDC-4A34-8E88-D7025D7CD5C5}.Release|x86.Build.0 = Release|Win32
	EndGlobalSection
	GlobalSection(SolutionProperties) = preSolution
		HideSolutionNode = FALSE
	EndGlobalSection
	GlobalSection(ExtensibilityGlobals) = postSolution
		SolutionGuid = {3D376A3F-7037-4616-9A09-13EA75E67B05}
	EndGlobalSection
EndGlobal
